<?xml version="1.0" encoding="utf-8"?>
<Project ToolsVersion="4.0" xmlns="http://schemas.microsoft.com/developer/msbuild/2003">
  <ItemGroup>
    <Filter Include="async">
      <UniqueIdentifier>{16bb1386-ccba-4c20-b424-b4a45d3a9694}</UniqueIdentifier>
    </Filter>
  </ItemGroup>
  <ItemGroup>
    <ClInclude Include="$(MSBuildThisFileDirectory)async\atomic_acq_rel.h">
      <Filter>async</Filter>
    </ClInclude>
    <ClInclude Include="$(MSBuildThisFileDirectory)async\awaitable_get.h">
      <Filter>async</Filter>
    </ClInclude>
    <ClInclude Include="$(MSBuildThisFileDirectory)async\awaitable_result.h">
      <Filter>async</Filter>
    </ClInclude>
    <ClInclude Include="$(MSBuildThisFileDirectory)async\awaitable_resume_t.h">
      <Filter>async</Filter>
    </ClInclude>
    <ClInclude Include="$(MSBuildThisFileDirectory)async\awaitable_then.h">
      <Filter>async</Filter>
    </ClInclude>
    <ClInclude Include="$(MSBuildThisFileDirectory)async\event_signal.h">
      <Filter>async</Filter>
    </ClInclude>
    <ClInclude Include="$(MSBuildThisFileDirectory)async\task.h">
      <Filter>async</Filter>
    </ClInclude>
    <ClInclude Include="$(MSBuildThisFileDirectory)async\task_completion_source.h">
      <Filter>async</Filter>
    </ClInclude>
    <ClInclude Include="$(MSBuildThisFileDirectory)async\to_future.h">
      <Filter>async</Filter>
    </ClInclude>
    <ClInclude Include="$(MSBuildThisFileDirectory)async\task_canceled.h">
      <Filter>async</Filter>
    </ClInclude>
  </ItemGroup>
</Project>